// !$*UTF8*$!
{
	archiveVersion = 1;
	classes = {
	};
	objectVersion = 77;
	objects = {

/* Begin PBXBuildFile section */
		1357BE3A32F95BEC7FA165C5 /* ContentView.swift in Sources */ = {isa = PBXBuildFile; fileRef = E7840FA926BF3040BC40D754 /* ContentView.swift */; };
		14D9713BA6589C1C175D1240 /* GlobalThermalNuclearWarApp.swift in Sources */ = {isa = PBXBuildFile; fileRef = 9BD940D0C1ECB58725DFFA4E /* GlobalThermalNuclearWarApp.swift */; };
		229A0D1F5A663D4CEE959DD7 /* ProhibitedWeapons.swift in Sources */ = {isa = PBXBuildFile; fileRef = 5EA793E720506B3D71FA8D15 /* ProhibitedWeapons.swift */; };
		36F45112B4A97FEBA8AB8651 /* CyberWarfare.swift in Sources */ = {isa = PBXBuildFile; fileRef = 846D958A103EA494AAC732D1 /* CyberWarfare.swift */; };
		413EAB2EAC191B5E7C15F48D /* Assets.xcassets in Resources */ = {isa = PBXBuildFile; fileRef = 1141BA63FDB01AF2170CA3B9 /* Assets.xcassets */; };
		4310D872B9E220245A099D5E /* Advisor.swift in Sources */ = {isa = PBXBuildFile; fileRef = 204DCC47475BC4E6E381CED1 /* Advisor.swift */; };
		4F91BA50EAEF8DB23AF702B4 /* CommandView.swift in Sources */ = {isa = PBXBuildFile; fileRef = 94847C472F1566DF6947C4A3 /* CommandView.swift */; };
		59D72DF370BD09EF52516CBC /* ContentView.swift in Sources */ = {isa = PBXBuildFile; fileRef = E7840FA926BF3040BC40D754 /* ContentView.swift */; };
		67706BD14D60107F9E0A7532 /* AppSettings.swift in Sources */ = {isa = PBXBuildFile; fileRef = B700263707446EC9BADF298F /* AppSettings.swift */; };
		6EB415D2D4186D38A3616E76 /* GameSystems.swift in Sources */ = {isa = PBXBuildFile; fileRef = A998F3C744EB66ACE08758DF /* GameSystems.swift */; };
		6FC58C6C449B38D80847C955 /* CyberWarfare.swift in Sources */ = {isa = PBXBuildFile; fileRef = 846D958A103EA494AAC732D1 /* CyberWarfare.swift */; };
		7494639D7337DF87DC04D621 /* AppSettings.swift in Sources */ = {isa = PBXBuildFile; fileRef = B700263707446EC9BADF298F /* AppSettings.swift */; };
		75F82511211E162114221744 /* CommandView.swift in Sources */ = {isa = PBXBuildFile; fileRef = 94847C472F1566DF6947C4A3 /* CommandView.swift */; };
		7ABDEF5D1B4F33715640E692 /* AdvisorViews.swift in Sources */ = {isa = PBXBuildFile; fileRef = 60D0B51B989A94270AE3580D /* AdvisorViews.swift */; };
		83B159532906E78B9953F22F /* WorldMap.swift in Sources */ = {isa = PBXBuildFile; fileRef = 00ED35FA1859FB798CDBD083 /* WorldMap.swift */; };
		854167CE65FCF346BA800663 /* GameEngine.swift in Sources */ = {isa = PBXBuildFile; fileRef = 79F2CAFFC239692E6D4C5120 /* GameEngine.swift */; };
		871F3746E1D5AA2E551969F2 /* Advisor.swift in Sources */ = {isa = PBXBuildFile; fileRef = 204DCC47475BC4E6E381CED1 /* Advisor.swift */; };
		948B3C658864BE9FC3F88C4C /* AdvisorViews.swift in Sources */ = {isa = PBXBuildFile; fileRef = 60D0B51B989A94270AE3580D /* AdvisorViews.swift */; };
		9524A43CBD1C56CE4B1C8E53 /* SystemsView.swift in Sources */ = {isa = PBXBuildFile; fileRef = EE8EF3871D54AD759C686C04 /* SystemsView.swift */; };
		9A97F22D5B4A34C796C91BA2 /* WorldMap.swift in Sources */ = {isa = PBXBuildFile; fileRef = 00ED35FA1859FB798CDBD083 /* WorldMap.swift */; };
		9B6EDDFB99BB9370BBAE9C2F /* GameSystems.swift in Sources */ = {isa = PBXBuildFile; fileRef = A998F3C744EB66ACE08758DF /* GameSystems.swift */; };
		B3A56622AE3C641209272325 /* Assets.xcassets in Resources */ = {isa = PBXBuildFile; fileRef = 1141BA63FDB01AF2170CA3B9 /* Assets.xcassets */; };
		B4DB344F934840E5FA6D390D /* GameState.swift in Sources */ = {isa = PBXBuildFile; fileRef = 4F961F9A3D52CD1EC10D97CF /* GameState.swift */; };
		B6D8AE81F735B62EAF7434AA /* SystemsView.swift in Sources */ = {isa = PBXBuildFile; fileRef = EE8EF3871D54AD759C686C04 /* SystemsView.swift */; };
		D1AEE746E0771199654D4B8C /* Country.swift in Sources */ = {isa = PBXBuildFile; fileRef = AB4591D208BA4670CBA98E76 /* Country.swift */; };
		D7B745442B105570408715EB /* GameEngine.swift in Sources */ = {isa = PBXBuildFile; fileRef = 79F2CAFFC239692E6D4C5120 /* GameEngine.swift */; };
		E53E4698A3E911D099B1CD40 /* GameState.swift in Sources */ = {isa = PBXBuildFile; fileRef = 4F961F9A3D52CD1EC10D97CF /* GameState.swift */; };
		E60EF72D1CF53E4ACAF32705 /* Country.swift in Sources */ = {isa = PBXBuildFile; fileRef = AB4591D208BA4670CBA98E76 /* Country.swift */; };
		EF095B87A192355C459DBF6E /* GlobalThermalNuclearWarApp.swift in Sources */ = {isa = PBXBuildFile; fileRef = 9BD940D0C1ECB58725DFFA4E /* GlobalThermalNuclearWarApp.swift */; };
		F22190179915148B3EA249D4 /* ProhibitedWeapons.swift in Sources */ = {isa = PBXBuildFile; fileRef = 5EA793E720506B3D71FA8D15 /* ProhibitedWeapons.swift */; };
/* End PBXBuildFile section */

/* Begin PBXFileReference section */
		00ED35FA1859FB798CDBD083 /* WorldMap.swift */ = {isa = PBXFileReference; lastKnownFileType = sourcecode.swift; path = WorldMap.swift; sourceTree = "<group>"; };
		0D125C47BA1FCDB0CEAA7177 /* Info.plist */ = {isa = PBXFileReference; lastKnownFileType = text.plist; path = Info.plist; sourceTree = "<group>"; };
		1141BA63FDB01AF2170CA3B9 /* Assets.xcassets */ = {isa = PBXFileReference; lastKnownFileType = folder.assetcatalog; path = Assets.xcassets; sourceTree = "<group>"; };
		204DCC47475BC4E6E381CED1 /* Advisor.swift */ = {isa = PBXFileReference; lastKnownFileType = sourcecode.swift; path = Advisor.swift; sourceTree = "<group>"; };
		4F961F9A3D52CD1EC10D97CF /* GameState.swift */ = {isa = PBXFileReference; lastKnownFileType = sourcecode.swift; path = GameState.swift; sourceTree = "<group>"; };
		5EA793E720506B3D71FA8D15 /* ProhibitedWeapons.swift */ = {isa = PBXFileReference; lastKnownFileType = sourcecode.swift; path = ProhibitedWeapons.swift; sourceTree = "<group>"; };
		60D0B51B989A94270AE3580D /* AdvisorViews.swift */ = {isa = PBXFileReference; lastKnownFileType = sourcecode.swift; path = AdvisorViews.swift; sourceTree = "<group>"; };
		79F2CAFFC239692E6D4C5120 /* GameEngine.swift */ = {isa = PBXFileReference; lastKnownFileType = sourcecode.swift; path = GameEngine.swift; sourceTree = "<group>"; };
		846D958A103EA494AAC732D1 /* CyberWarfare.swift */ = {isa = PBXFileReference; lastKnownFileType = sourcecode.swift; path = CyberWarfare.swift; sourceTree = "<group>"; };
		94847C472F1566DF6947C4A3 /* CommandView.swift */ = {isa = PBXFileReference; lastKnownFileType = sourcecode.swift; path = CommandView.swift; sourceTree = "<group>"; };
		991630D748C5C7E56E47730C /* GTNW_macOS.app */ = {isa = PBXFileReference; explicitFileType = wrapper.application; includeInIndex = 0; path = GTNW_macOS.app; sourceTree = BUILT_PRODUCTS_DIR; };
		9BD940D0C1ECB58725DFFA4E /* GlobalThermalNuclearWarApp.swift */ = {isa = PBXFileReference; lastKnownFileType = sourcecode.swift; path = GlobalThermalNuclearWarApp.swift; sourceTree = "<group>"; };
		A998F3C744EB66ACE08758DF /* GameSystems.swift */ = {isa = PBXFileReference; lastKnownFileType = sourcecode.swift; path = GameSystems.swift; sourceTree = "<group>"; };
		AB4591D208BA4670CBA98E76 /* Country.swift */ = {isa = PBXFileReference; lastKnownFileType = sourcecode.swift; path = Country.swift; sourceTree = "<group>"; };
		B700263707446EC9BADF298F /* AppSettings.swift */ = {isa = PBXFileReference; lastKnownFileType = sourcecode.swift; path = AppSettings.swift; sourceTree = "<group>"; };
		E7840FA926BF3040BC40D754 /* ContentView.swift */ = {isa = PBXFileReference; lastKnownFileType = sourcecode.swift; path = ContentView.swift; sourceTree = "<group>"; };
		EA8C17B9452950CE85EAF02B /* GTNW_iOS.app */ = {isa = PBXFileReference; includeInIndex = 0; lastKnownFileType = wrapper.application; path = GTNW_iOS.app; sourceTree = BUILT_PRODUCTS_DIR; };
		EE8EF3871D54AD759C686C04 /* SystemsView.swift */ = {isa = PBXFileReference; lastKnownFileType = sourcecode.swift; path = SystemsView.swift; sourceTree = "<group>"; };
/* End PBXFileReference section */

/* Begin PBXGroup section */
		043BE2917C5EFDDA9B60A658 /* Engine */ = {
			isa = PBXGroup;
			children = (
				79F2CAFFC239692E6D4C5120 /* GameEngine.swift */,
			);
			path = Engine;
			sourceTree = "<group>";
		};
		234E6E439315FD7A21B29A77 /* Models */ = {
			isa = PBXGroup;
			children = (
				204DCC47475BC4E6E381CED1 /* Advisor.swift */,
				B700263707446EC9BADF298F /* AppSettings.swift */,
				AB4591D208BA4670CBA98E76 /* Country.swift */,
				846D958A103EA494AAC732D1 /* CyberWarfare.swift */,
				4F961F9A3D52CD1EC10D97CF /* GameState.swift */,
				A998F3C744EB66ACE08758DF /* GameSystems.swift */,
				5EA793E720506B3D71FA8D15 /* ProhibitedWeapons.swift */,
			);
			path = Models;
			sourceTree = "<group>";
		};
		5AAFDB281FC0C39239A8BED1 /* Views */ = {
			isa = PBXGroup;
			children = (
				60D0B51B989A94270AE3580D /* AdvisorViews.swift */,
				94847C472F1566DF6947C4A3 /* CommandView.swift */,
				E7840FA926BF3040BC40D754 /* ContentView.swift */,
				EE8EF3871D54AD759C686C04 /* SystemsView.swift */,
				00ED35FA1859FB798CDBD083 /* WorldMap.swift */,
			);
			path = Views;
			sourceTree = "<group>";
		};
		6ED4FBC956BCF0F7A4D933DB = {
			isa = PBXGroup;
			children = (
				AEBBDFE66417443EFF01F473 /* Shared */,
				80335E74269385013821DC0D /* Products */,
			);
			sourceTree = "<group>";
		};
		80335E74269385013821DC0D /* Products */ = {
			isa = PBXGroup;
			children = (
				EA8C17B9452950CE85EAF02B /* GTNW_iOS.app */,
				991630D748C5C7E56E47730C /* GTNW_macOS.app */,
			);
			name = Products;
			sourceTree = "<group>";
		};
		AEBBDFE66417443EFF01F473 /* Shared */ = {
			isa = PBXGroup;
			children = (
				1141BA63FDB01AF2170CA3B9 /* Assets.xcassets */,
				9BD940D0C1ECB58725DFFA4E /* GlobalThermalNuclearWarApp.swift */,
				0D125C47BA1FCDB0CEAA7177 /* Info.plist */,
				043BE2917C5EFDDA9B60A658 /* Engine */,
				234E6E439315FD7A21B29A77 /* Models */,
				5AAFDB281FC0C39239A8BED1 /* Views */,
			);
			path = Shared;
			sourceTree = "<group>";
		};
/* End PBXGroup section */

/* Begin PBXNativeTarget section */
		ABB94F1EC86B3E165928C70B /* GTNW_macOS */ = {
			isa = PBXNativeTarget;
			buildConfigurationList = 3A46324CC1BFC02C1A014BDA /* Build configuration list for PBXNativeTarget "GTNW_macOS" */;
			buildPhases = (
				746E6F5B2F573CF3DCDBFE24 /* Sources */,
				F50E0615DC806FB6D0551948 /* Resources */,
			);
			buildRules = (
			);
			dependencies = (
			);
			name = GTNW_macOS;
			packageProductDependencies = (
			);
			productName = GTNW_macOS;
			productReference = 991630D748C5C7E56E47730C /* GTNW_macOS.app */;
			productType = "com.apple.product-type.application";
		};
		E42C02BEFB6D376D09825CF4 /* GTNW_iOS */ = {
			isa = PBXNativeTarget;
			buildConfigurationList = 2AC388E0A45452895DC24E3A /* Build configuration list for PBXNativeTarget "GTNW_iOS" */;
			buildPhases = (
				E623BDB4D48526A513B0C9FC /* Sources */,
				0AC1C5790704C43E01DE2927 /* Resources */,
			);
			buildRules = (
			);
			dependencies = (
			);
			name = GTNW_iOS;
			packageProductDependencies = (
			);
			productName = GTNW_iOS;
			productReference = EA8C17B9452950CE85EAF02B /* GTNW_iOS.app */;
			productType = "com.apple.product-type.application";
		};
/* End PBXNativeTarget section */

/* Begin PBXProject section */
		EA58568D7C96D1FC811BF388 /* Project object */ = {
			isa = PBXProject;
			attributes = {
				BuildIndependentTargetsInParallel = YES;
				LastUpgradeCheck = 1430;
				TargetAttributes = {
					ABB94F1EC86B3E165928C70B = {
						ProvisioningStyle = Automatic;
					};
					E42C02BEFB6D376D09825CF4 = {
						DevelopmentTeam = "$(DEVELOPMENT_TEAM)";
						ProvisioningStyle = Automatic;
					};
				};
			};
			buildConfigurationList = B7E413B03AD3F98F39FFDBD1 /* Build configuration list for PBXProject "GTNW" */;
			compatibilityVersion = "Xcode 14.0";
			developmentRegion = en;
			hasScannedForEncodings = 0;
			knownRegions = (
				Base,
				en,
			);
			mainGroup = 6ED4FBC956BCF0F7A4D933DB;
			minimizedProjectReferenceProxies = 1;
			preferredProjectObjectVersion = 77;
			projectDirPath = "";
			projectRoot = "";
			targets = (
				E42C02BEFB6D376D09825CF4 /* GTNW_iOS */,
				ABB94F1EC86B3E165928C70B /* GTNW_macOS */,
			);
		};
/* End PBXProject section */

/* Begin PBXResourcesBuildPhase section */
		0AC1C5790704C43E01DE2927 /* Resources */ = {
			isa = PBXResourcesBuildPhase;
			buildActionMask = 2147483647;
			files = (
				413EAB2EAC191B5E7C15F48D /* Assets.xcassets in Resources */,
			);
			runOnlyForDeploymentPostprocessing = 0;
		};
		F50E0615DC806FB6D0551948 /* Resources */ = {
			isa = PBXResourcesBuildPhase;
			buildActionMask = 2147483647;
			files = (
				B3A56622AE3C641209272325 /* Assets.xcassets in Resources */,
			);
			runOnlyForDeploymentPostprocessing = 0;
		};
/* End PBXResourcesBuildPhase section */

/* Begin PBXSourcesBuildPhase section */
		746E6F5B2F573CF3DCDBFE24 /* Sources */ = {
			isa = PBXSourcesBuildPhase;
			buildActionMask = 2147483647;
			files = (
				871F3746E1D5AA2E551969F2 /* Advisor.swift in Sources */,
				948B3C658864BE9FC3F88C4C /* AdvisorViews.swift in Sources */,
				67706BD14D60107F9E0A7532 /* AppSettings.swift in Sources */,
				75F82511211E162114221744 /* CommandView.swift in Sources */,
				1357BE3A32F95BEC7FA165C5 /* ContentView.swift in Sources */,
				D1AEE746E0771199654D4B8C /* Country.swift in Sources */,
				6FC58C6C449B38D80847C955 /* CyberWarfare.swift in Sources */,
				854167CE65FCF346BA800663 /* GameEngine.swift in Sources */,
				E53E4698A3E911D099B1CD40 /* GameState.swift in Sources */,
				6EB415D2D4186D38A3616E76 /* GameSystems.swift in Sources */,
				EF095B87A192355C459DBF6E /* GlobalThermalNuclearWarApp.swift in Sources */,
				F22190179915148B3EA249D4 /* ProhibitedWeapons.swift in Sources */,
				9524A43CBD1C56CE4B1C8E53 /* SystemsView.swift in Sources */,
				83B159532906E78B9953F22F /* WorldMap.swift in Sources */,
			);
			runOnlyForDeploymentPostprocessing = 0;
		};
		E623BDB4D48526A513B0C9FC /* Sources */ = {
			isa = PBXSourcesBuildPhase;
			buildActionMask = 2147483647;
			files = (
				4310D872B9E220245A099D5E /* Advisor.swift in Sources */,
				7ABDEF5D1B4F33715640E692 /* AdvisorViews.swift in Sources */,
				7494639D7337DF87DC04D621 /* AppSettings.swift in Sources */,
				4F91BA50EAEF8DB23AF702B4 /* CommandView.swift in Sources */,
				59D72DF370BD09EF52516CBC /* ContentView.swift in Sources */,
				E60EF72D1CF53E4ACAF32705 /* Country.swift in Sources */,
				36F45112B4A97FEBA8AB8651 /* CyberWarfare.swift in Sources */,
				D7B745442B105570408715EB /* GameEngine.swift in Sources */,
				B4DB344F934840E5FA6D390D /* GameState.swift in Sources */,
				9B6EDDFB99BB9370BBAE9C2F /* GameSystems.swift in Sources */,
				14D9713BA6589C1C175D1240 /* GlobalThermalNuclearWarApp.swift in Sources */,
				229A0D1F5A663D4CEE959DD7 /* ProhibitedWeapons.swift in Sources */,
				B6D8AE81F735B62EAF7434AA /* SystemsView.swift in Sources */,
				9A97F22D5B4A34C796C91BA2 /* WorldMap.swift in Sources */,
			);
			runOnlyForDeploymentPostprocessing = 0;
		};
/* End PBXSourcesBuildPhase section */

/* Begin XCBuildConfiguration section */
		1697DC5D63F7EA8E894A46D9 /* Debug */ = {
			isa = XCBuildConfiguration;
			buildSettings = {
				ASSETCATALOG_COMPILER_APPICON_NAME = AppIcon;
				CODE_SIGN_IDENTITY = "Apple Development";
				CODE_SIGN_STYLE = Automatic;
				DEVELOPMENT_TEAM = "$(DEVELOPMENT_TEAM)";
				GENERATE_INFOPLIST_FILE = YES;
				INFOPLIST_FILE = Shared/Info.plist;
				INFOPLIST_KEY_CFBundleDisplayName = GTNW;
				INFOPLIST_KEY_UILaunchScreen_Generation = YES;
				INFOPLIST_KEY_UISupportedInterfaceOrientations = "UIInterfaceOrientationPortrait UIInterfaceOrientationLandscapeLeft UIInterfaceOrientationLandscapeRight";
				INFOPLIST_KEY_UISupportedInterfaceOrientations_iPad = "UIInterfaceOrientationPortrait UIInterfaceOrientationPortraitUpsideDown UIInterfaceOrientationLandscapeLeft UIInterfaceOrientationLandscapeRight";
				IPHONEOS_DEPLOYMENT_TARGET = 15.0;
				LD_RUNPATH_SEARCH_PATHS = (
					"$(inherited)",
					"@executable_path/Frameworks",
				);
				PRODUCT_BUNDLE_IDENTIFIER = com.wopr.gtnw.ios;
				PRODUCT_NAME = GTNW;
				SDKROOT = iphoneos;
				TARGETED_DEVICE_FAMILY = "1,2";
			};
			name = Debug;
		};
		71E4435A3BDA8F8C2591996C /* Release */ = {
			isa = XCBuildConfiguration;
			buildSettings = {
				ASSETCATALOG_COMPILER_APPICON_NAME = AppIcon;
				CODE_SIGN_IDENTITY = "-";
				CODE_SIGN_STYLE = Automatic;
				COMBINE_HIDPI_IMAGES = YES;
				GENERATE_INFOPLIST_FILE = YES;
				INFOPLIST_FILE = Shared/Info.plist;
				INFOPLIST_KEY_CFBundleDisplayName = "Global Thermal Nuclear War";
				INFOPLIST_KEY_LSApplicationCategoryType = "public.app-category.strategy-games";
				LD_RUNPATH_SEARCH_PATHS = (
					"$(inherited)",
					"@executable_path/../Frameworks",
				);
				MACOSX_DEPLOYMENT_TARGET = 13.0;
				PRODUCT_BUNDLE_IDENTIFIER = com.wopr.gtnw.macos;
				PRODUCT_NAME = GTNW;
				SDKROOT = macosx;
			};
			name = Release;
		};
		7E31FCBB2D457C5F981D2402 /* Debug */ = {
			isa = XCBuildConfiguration;
			buildSettings = {
				ASSETCATALOG_COMPILER_APPICON_NAME = AppIcon;
				CODE_SIGN_IDENTITY = "-";
				CODE_SIGN_STYLE = Automatic;
				COMBINE_HIDPI_IMAGES = YES;
				GENERATE_INFOPLIST_FILE = YES;
				INFOPLIST_FILE = Shared/Info.plist;
				INFOPLIST_KEY_CFBundleDisplayName = "Global Thermal Nuclear War";
				INFOPLIST_KEY_LSApplicationCategoryType = "public.app-category.strategy-games";
				LD_RUNPATH_SEARCH_PATHS = (
					"$(inherited)",
					"@executable_path/../Frameworks",
				);
				MACOSX_DEPLOYMENT_TARGET = 13.0;
				PRODUCT_BUNDLE_IDENTIFIER = com.wopr.gtnw.macos;
				PRODUCT_NAME = GTNW;
				SDKROOT = macosx;
			};
			name = Debug;
		};
		A4CCF48BCCE1CE2F99F7CF8E /* Release */ = {
			isa = XCBuildConfiguration;
			buildSettings = {
				ALWAYS_SEARCH_USER_PATHS = NO;
				CLANG_ANALYZER_NONNULL = YES;
				CLANG_ANALYZER_NUMBER_OBJECT_CONVERSION = YES_AGGRESSIVE;
				CLANG_CXX_LANGUAGE_STANDARD = "gnu++14";
				CLANG_CXX_LIBRARY = "libc++";
				CLANG_ENABLE_MODULES = YES;
				CLANG_ENABLE_OBJC_ARC = YES;
				CLANG_ENABLE_OBJC_WEAK = YES;
				CLANG_WARN_BLOCK_CAPTURE_AUTORELEASING = YES;
				CLANG_WARN_BOOL_CONVERSION = YES;
				CLANG_WARN_COMMA = YES;
				CLANG_WARN_CONSTANT_CONVERSION = YES;
				CLANG_WARN_DEPRECATED_OBJC_IMPLEMENTATIONS = YES;
				CLANG_WARN_DIRECT_OBJC_ISA_USAGE = YES_ERROR;
				CLANG_WARN_DOCUMENTATION_COMMENTS = YES;
				CLANG_WARN_EMPTY_BODY = YES;
				CLANG_WARN_ENUM_CONVERSION = YES;
				CLANG_WARN_INFINITE_RECURSION = YES;
				CLANG_WARN_INT_CONVERSION = YES;
				CLANG_WARN_NON_LITERAL_NULL_CONVERSION = YES;
				CLANG_WARN_OBJC_IMPLICIT_RETAIN_SELF = YES;
				CLANG_WARN_OBJC_LITERAL_CONVERSION = YES;
				CLANG_WARN_OBJC_ROOT_CLASS = YES_ERROR;
				CLANG_WARN_QUOTED_INCLUDE_IN_FRAMEWORK_HEADER = YES;
				CLANG_WARN_RANGE_LOOP_ANALYSIS = YES;
				CLANG_WARN_STRICT_PROTOTYPES = YES;
				CLANG_WARN_SUSPICIOUS_MOVE = YES;
				CLANG_WARN_UNGUARDED_AVAILABILITY = YES_AGGRESSIVE;
				CLANG_WARN_UNREACHABLE_CODE = YES;
				CLANG_WARN__DUPLICATE_METHOD_MATCH = YES;
				COPY_PHASE_STRIP = NO;
				DEBUG_INFORMATION_FORMAT = "dwarf-with-dsym";
				ENABLE_NS_ASSERTIONS = NO;
				ENABLE_PREVIEWS = YES;
				ENABLE_STRICT_OBJC_MSGSEND = YES;
				GCC_C_LANGUAGE_STANDARD = gnu11;
				GCC_NO_COMMON_BLOCKS = YES;
				GCC_WARN_64_TO_32_BIT_CONVERSION = YES;
				GCC_WARN_ABOUT_RETURN_TYPE = YES_ERROR;
				GCC_WARN_UNDECLARED_SELECTOR = YES;
				GCC_WARN_UNINITIALIZED_AUTOS = YES_AGGRESSIVE;
				GCC_WARN_UNUSED_FUNCTION = YES;
				GCC_WARN_UNUSED_VARIABLE = YES;
				MTL_ENABLE_DEBUG_INFO = NO;
				MTL_FAST_MATH = YES;
				PRODUCT_NAME = "$(TARGET_NAME)";
				SWIFT_COMPILATION_MODE = wholemodule;
				SWIFT_OPTIMIZATION_LEVEL = "-O";
				SWIFT_VERSION = 5.9;
			};
			name = Release;
		};
		BA273B2D18AB0808A6342862 /* Release */ = {
			isa = XCBuildConfiguration;
			buildSettings = {
				ASSETCATALOG_COMPILER_APPICON_NAME = AppIcon;
				CODE_SIGN_IDENTITY = "Apple Development";
				CODE_SIGN_STYLE = Automatic;
				DEVELOPMENT_TEAM = "$(DEVELOPMENT_TEAM)";
				GENERATE_INFOPLIST_FILE = YES;
				INFOPLIST_FILE = Shared/Info.plist;
				INFOPLIST_KEY_CFBundleDisplayName = GTNW;
				INFOPLIST_KEY_UILaunchScreen_Generation = YES;
				INFOPLIST_KEY_UISupportedInterfaceOrientations = "UIInterfaceOrientationPortrait UIInterfaceOrientationLandscapeLeft UIInterfaceOrientationLandscapeRight";
				INFOPLIST_KEY_UISupportedInterfaceOrientations_iPad = "UIInterfaceOrientationPortrait UIInterfaceOrientationPortraitUpsideDown UIInterfaceOrientationLandscapeLeft UIInterfaceOrientationLandscapeRight";
				IPHONEOS_DEPLOYMENT_TARGET = 15.0;
				LD_RUNPATH_SEARCH_PATHS = (
					"$(inherited)",
					"@executable_path/Frameworks",
				);
				PRODUCT_BUNDLE_IDENTIFIER = com.wopr.gtnw.ios;
				PRODUCT_NAME = GTNW;
				SDKROOT = iphoneos;
				TARGETED_DEVICE_FAMILY = "1,2";
			};
			name = Release;
		};
		C96597E07DE7EB42342E7701 /* Debug */ = {
			isa = XCBuildConfiguration;
			buildSettings = {
				ALWAYS_SEARCH_USER_PATHS = NO;
				CLANG_ANALYZER_NONNULL = YES;
				CLANG_ANALYZER_NUMBER_OBJECT_CONVERSION = YES_AGGRESSIVE;
				CLANG_CXX_LANGUAGE_STANDARD = "gnu++14";
				CLANG_CXX_LIBRARY = "libc++";
				CLANG_ENABLE_MODULES = YES;
				CLANG_ENABLE_OBJC_ARC = YES;
				CLANG_ENABLE_OBJC_WEAK = YES;
				CLANG_WARN_BLOCK_CAPTURE_AUTORELEASING = YES;
				CLANG_WARN_BOOL_CONVERSION = YES;
				CLANG_WARN_COMMA = YES;
				CLANG_WARN_CONSTANT_CONVERSION = YES;
				CLANG_WARN_DEPRECATED_OBJC_IMPLEMENTATIONS = YES;
				CLANG_WARN_DIRECT_OBJC_ISA_USAGE = YES_ERROR;
				CLANG_WARN_DOCUMENTATION_COMMENTS = YES;
				CLANG_WARN_EMPTY_BODY = YES;
				CLANG_WARN_ENUM_CONVERSION = YES;
				CLANG_WARN_INFINITE_RECURSION = YES;
				CLANG_WARN_INT_CONVERSION = YES;
				CLANG_WARN_NON_LITERAL_NULL_CONVERSION = YES;
				CLANG_WARN_OBJC_IMPLICIT_RETAIN_SELF = YES;
				CLANG_WARN_OBJC_LITERAL_CONVERSION = YES;
				CLANG_WARN_OBJC_ROOT_CLASS = YES_ERROR;
				CLANG_WARN_QUOTED_INCLUDE_IN_FRAMEWORK_HEADER = YES;
				CLANG_WARN_RANGE_LOOP_ANALYSIS = YES;
				CLANG_WARN_STRICT_PROTOTYPES = YES;
				CLANG_WARN_SUSPICIOUS_MOVE = YES;
				CLANG_WARN_UNGUARDED_AVAILABILITY = YES_AGGRESSIVE;
				CLANG_WARN_UNREACHABLE_CODE = YES;
				CLANG_WARN__DUPLICATE_METHOD_MATCH = YES;
				COPY_PHASE_STRIP = NO;
				DEBUG_INFORMATION_FORMAT = dwarf;
				ENABLE_PREVIEWS = YES;
				ENABLE_STRICT_OBJC_MSGSEND = YES;
				ENABLE_TESTABILITY = YES;
				GCC_C_LANGUAGE_STANDARD = gnu11;
				GCC_DYNAMIC_NO_PIC = NO;
				GCC_NO_COMMON_BLOCKS = YES;
				GCC_OPTIMIZATION_LEVEL = 0;
				GCC_PREPROCESSOR_DEFINITIONS = (
					"$(inherited)",
					"DEBUG=1",
				);
				GCC_WARN_64_TO_32_BIT_CONVERSION = YES;
				GCC_WARN_ABOUT_RETURN_TYPE = YES_ERROR;
				GCC_WARN_UNDECLARED_SELECTOR = YES;
				GCC_WARN_UNINITIALIZED_AUTOS = YES_AGGRESSIVE;
				GCC_WARN_UNUSED_FUNCTION = YES;
				GCC_WARN_UNUSED_VARIABLE = YES;
				MTL_ENABLE_DEBUG_INFO = INCLUDE_SOURCE;
				MTL_FAST_MATH = YES;
				ONLY_ACTIVE_ARCH = YES;
				PRODUCT_NAME = "$(TARGET_NAME)";
				SWIFT_ACTIVE_COMPILATION_CONDITIONS = DEBUG;
				SWIFT_OPTIMIZATION_LEVEL = "-Onone";
				SWIFT_VERSION = 5.9;
			};
			name = Debug;
		};
/* End XCBuildConfiguration section */

/* Begin XCConfigurationList section */
		2AC388E0A45452895DC24E3A /* Build configuration list for PBXNativeTarget "GTNW_iOS" */ = {
			isa = XCConfigurationList;
			buildConfigurations = (
				1697DC5D63F7EA8E894A46D9 /* Debug */,
				BA273B2D18AB0808A6342862 /* Release */,
			);
			defaultConfigurationIsVisible = 0;
			defaultConfigurationName = Debug;
		};
		3A46324CC1BFC02C1A014BDA /* Build configuration list for PBXNativeTarget "GTNW_macOS" */ = {
			isa = XCConfigurationList;
			buildConfigurations = (
				7E31FCBB2D457C5F981D2402 /* Debug */,
				71E4435A3BDA8F8C2591996C /* Release */,
			);
			defaultConfigurationIsVisible = 0;
			defaultConfigurationName = Debug;
		};
		B7E413B03AD3F98F39FFDBD1 /* Build configuration list for PBXProject "GTNW" */ = {
			isa = XCConfigurationList;
			buildConfigurations = (
				C96597E07DE7EB42342E7701 /* Debug */,
				A4CCF48BCCE1CE2F99F7CF8E /* Release */,
			);
			defaultConfigurationIsVisible = 0;
			defaultConfigurationName = Debug;
		};
/* End XCConfigurationList section */
	};
	rootObject = EA58568D7C96D1FC811BF388 /* Project object */;
}
